PODS:
  - Kingfisher (3.2.2)
  - RxCocoa (3.6.1):
    - RxSwift (~> 3.6)
  - RxSwift (3.6.1)

DEPENDENCIES:
  - Kingfisher (= 3.2.2)
  - RxCocoa (= 3.6.1)
  - RxSwift (= 3.6.1)

SPEC CHECKSUMS:
  Kingfisher: 821466474ad7ffc375a4aecadfa05068cfed67b3
  RxCocoa: 84a08739ab186248c7f31ce4ee92d6f8a947d690
  RxSwift: f9de85ea20cd2f7716ee5409fc13523dc638e4e4

PODFILE CHECKSUM: 7158ce0741985298ac110294e81828935b33f472

COCOAPODS: 1.2.1
