// !$*UTF8*$!
{
	archiveVersion = 1;
	classes = {
	};
	objectVersion = 46;
	objects = {

/* Begin PBXBuildFile section */
		765A5A04E159E217F576E68A /* Pods_CustomRxDelegate.framework in Frameworks */ = {isa = PBXBuildFile; fileRef = 98377F795FFF84EE9F924D99 /* Pods_CustomRxDelegate.framework */; };
		DAD59AAD1F5A87FA0063DFF5 /* AppDelegate.swift in Sources */ = {isa = PBXBuildFile; fileRef = DAD59AAC1F5A87FA0063DFF5 /* AppDelegate.swift */; };
		DAD59AAF1F5A87FA0063DFF5 /* RxDelegateViewController.swift in Sources */ = {isa = PBXBuildFile; fileRef = DAD59AAE1F5A87FA0063DFF5 /* RxDelegateViewController.swift */; };
		DAD59AB21F5A87FA0063DFF5 /* Main.storyboard in Resources */ = {isa = PBXBuildFile; fileRef = DAD59AB01F5A87FA0063DFF5 /* Main.storyboard */; };
		DAD59AB41F5A87FA0063DFF5 /* Assets.xcassets in Resources */ = {isa = PBXBuildFile; fileRef = DAD59AB31F5A87FA0063DFF5 /* Assets.xcassets */; };
		DAD59AB71F5A87FA0063DFF5 /* LaunchScreen.storyboard in Resources */ = {isa = PBXBuildFile; fileRef = DAD59AB51F5A87FA0063DFF5 /* LaunchScreen.storyboard */; };
		DAD59ABF1F5A88360063DFF5 /* RxDelegateButton.swift in Sources */ = {isa = PBXBuildFile; fileRef = DAD59ABE1F5A88360063DFF5 /* RxDelegateButton.swift */; };
		DAD59AC11F5A8CBA0063DFF5 /* RxDelegateButtonDelegateProxy.swift in Sources */ = {isa = PBXBuildFile; fileRef = DAD59AC01F5A8CBA0063DFF5 /* RxDelegateButtonDelegateProxy.swift */; };
/* End PBXBuildFile section */

/* Begin PBXFileReference section */
		5D31E786B8D86B0D61D35EF3 /* Pods-CustomRxDelegate.release.xcconfig */ = {isa = PBXFileReference; includeInIndex = 1; lastKnownFileType = text.xcconfig; name = "Pods-CustomRxDelegate.release.xcconfig"; path = "Pods/Target Support Files/Pods-CustomRxDelegate/Pods-CustomRxDelegate.release.xcconfig"; sourceTree = "<group>"; };
		98377F795FFF84EE9F924D99 /* Pods_CustomRxDelegate.framework */ = {isa = PBXFileReference; explicitFileType = wrapper.framework; includeInIndex = 0; path = Pods_CustomRxDelegate.framework; sourceTree = BUILT_PRODUCTS_DIR; };
		AC925E2FE99BB8E87F493D21 /* Pods-CustomRxDelegate.debug.xcconfig */ = {isa = PBXFileReference; includeInIndex = 1; lastKnownFileType = text.xcconfig; name = "Pods-CustomRxDelegate.debug.xcconfig"; path = "Pods/Target Support Files/Pods-CustomRxDelegate/Pods-CustomRxDelegate.debug.xcconfig"; sourceTree = "<group>"; };
		DAD59AA91F5A87F90063DFF5 /* CustomRxDelegate.app */ = {isa = PBXFileReference; explicitFileType = wrapper.application; includeInIndex = 0; path = CustomRxDelegate.app; sourceTree = BUILT_PRODUCTS_DIR; };
		DAD59AAC1F5A87FA0063DFF5 /* AppDelegate.swift */ = {isa = PBXFileReference; lastKnownFileType = sourcecode.swift; path = AppDelegate.swift; sourceTree = "<group>"; };
		DAD59AAE1F5A87FA0063DFF5 /* RxDelegateViewController.swift */ = {isa = PBXFileReference; lastKnownFileType = sourcecode.swift; path = RxDelegateViewController.swift; sourceTree = "<group>"; };
		DAD59AB11F5A87FA0063DFF5 /* Base */ = {isa = PBXFileReference; lastKnownFileType = file.storyboard; name = Base; path = Base.lproj/Main.storyboard; sourceTree = "<group>"; };
		DAD59AB31F5A87FA0063DFF5 /* Assets.xcassets */ = {isa = PBXFileReference; lastKnownFileType = folder.assetcatalog; path = Assets.xcassets; sourceTree = "<group>"; };
		DAD59AB61F5A87FA0063DFF5 /* Base */ = {isa = PBXFileReference; lastKnownFileType = file.storyboard; name = Base; path = Base.lproj/LaunchScreen.storyboard; sourceTree = "<group>"; };
		DAD59AB81F5A87FA0063DFF5 /* Info.plist */ = {isa = PBXFileReference; lastKnownFileType = text.plist.xml; path = Info.plist; sourceTree = "<group>"; };
		DAD59ABE1F5A88360063DFF5 /* RxDelegateButton.swift */ = {isa = PBXFileReference; fileEncoding = 4; lastKnownFileType = sourcecode.swift; path = RxDelegateButton.swift; sourceTree = "<group>"; };
		DAD59AC01F5A8CBA0063DFF5 /* RxDelegateButtonDelegateProxy.swift */ = {isa = PBXFileReference; fileEncoding = 4; lastKnownFileType = sourcecode.swift; path = RxDelegateButtonDelegateProxy.swift; sourceTree = "<group>"; };
/* End PBXFileReference section */

/* Begin PBXFrameworksBuildPhase section */
		DAD59AA61F5A87F90063DFF5 /* Frameworks */ = {
			isa = PBXFrameworksBuildPhase;
			buildActionMask = 2147483647;
			files = (
				765A5A04E159E217F576E68A /* Pods_CustomRxDelegate.framework in Frameworks */,
			);
			runOnlyForDeploymentPostprocessing = 0;
		};
/* End PBXFrameworksBuildPhase section */

/* Begin PBXGroup section */
		3AC7743BECD8B4C65678019D /* Frameworks */ = {
			isa = PBXGroup;
			children = (
				98377F795FFF84EE9F924D99 /* Pods_CustomRxDelegate.framework */,
			);
			name = Frameworks;
			sourceTree = "<group>";
		};
		4EE668A322D93EAFB64EBA1B /* Pods */ = {
			isa = PBXGroup;
			children = (
				AC925E2FE99BB8E87F493D21 /* Pods-CustomRxDelegate.debug.xcconfig */,
				5D31E786B8D86B0D61D35EF3 /* Pods-CustomRxDelegate.release.xcconfig */,
			);
			name = Pods;
			sourceTree = "<group>";
		};
		DAD59AA01F5A87F90063DFF5 = {
			isa = PBXGroup;
			children = (
				DAD59AAB1F5A87FA0063DFF5 /* CustomRxDelegate */,
				DAD59AAA1F5A87F90063DFF5 /* Products */,
				4EE668A322D93EAFB64EBA1B /* Pods */,
				3AC7743BECD8B4C65678019D /* Frameworks */,
			);
			sourceTree = "<group>";
		};
		DAD59AAA1F5A87F90063DFF5 /* Products */ = {
			isa = PBXGroup;
			children = (
				DAD59AA91F5A87F90063DFF5 /* CustomRxDelegate.app */,
			);
			name = Products;
			sourceTree = "<group>";
		};
		DAD59AAB1F5A87FA0063DFF5 /* CustomRxDelegate */ = {
			isa = PBXGroup;
			children = (
				DAD59AAC1F5A87FA0063DFF5 /* AppDelegate.swift */,
				DAD59ABE1F5A88360063DFF5 /* RxDelegateButton.swift */,
				DAD59AC01F5A8CBA0063DFF5 /* RxDelegateButtonDelegateProxy.swift */,
				DAD59AAE1F5A87FA0063DFF5 /* RxDelegateViewController.swift */,
				DAD59AB01F5A87FA0063DFF5 /* Main.storyboard */,
				DAD59AB31F5A87FA0063DFF5 /* Assets.xcassets */,
				DAD59AB51F5A87FA0063DFF5 /* LaunchScreen.storyboard */,
				DAD59AB81F5A87FA0063DFF5 /* Info.plist */,
			);
			path = CustomRxDelegate;
			sourceTree = "<group>";
		};
/* End PBXGroup section */

/* Begin PBXNativeTarget section */
		DAD59AA81F5A87F90063DFF5 /* CustomRxDelegate */ = {
			isa = PBXNativeTarget;
			buildConfigurationList = DAD59ABB1F5A87FA0063DFF5 /* Build configuration list for PBXNativeTarget "CustomRxDelegate" */;
			buildPhases = (
				73229D924F8B5A6620034797 /* [CP] Check Pods Manifest.lock */,
				DAD59AA51F5A87F90063DFF5 /* Sources */,
				DAD59AA61F5A87F90063DFF5 /* Frameworks */,
				DAD59AA71F5A87F90063DFF5 /* Resources */,
				0ED8DDF8DA0D387BA80BD442 /* [CP] Embed Pods Frameworks */,
				B0A453A9A5F0A8729F3CD1A6 /* [CP] Copy Pods Resources */,
			);
			buildRules = (
			);
			dependencies = (
			);
			name = CustomRxDelegate;
			productName = CustomRxDelegate;
			productReference = DAD59AA91F5A87F90063DFF5 /* CustomRxDelegate.app */;
			productType = "com.apple.product-type.application";
		};
/* End PBXNativeTarget section */

/* Begin PBXProject section */
		DAD59AA11F5A87F90063DFF5 /* Project object */ = {
			isa = PBXProject;
			attributes = {
				LastSwiftUpdateCheck = 0830;
				LastUpgradeCheck = 0830;
				ORGANIZATIONNAME = dhh;
				TargetAttributes = {
					DAD59AA81F5A87F90063DFF5 = {
						CreatedOnToolsVersion = 8.3.3;
						ProvisioningStyle = Automatic;
					};
				};
			};
			buildConfigurationList = DAD59AA41F5A87F90063DFF5 /* Build configuration list for PBXProject "CustomRxDelegate" */;
			compatibilityVersion = "Xcode 3.2";
			developmentRegion = English;
			hasScannedForEncodings = 0;
			knownRegions = (
				en,
				Base,
			);
			mainGroup = DAD59AA01F5A87F90063DFF5;
			productRefGroup = DAD59AAA1F5A87F90063DFF5 /* Products */;
			projectDirPath = "";
			projectRoot = "";
			targets = (
				DAD59AA81F5A87F90063DFF5 /* CustomRxDelegate */,
			);
		};
/* End PBXProject section */

/* Begin PBXResourcesBuildPhase section */
		DAD59AA71F5A87F90063DFF5 /* Resources */ = {
			isa = PBXResourcesBuildPhase;
			buildActionMask = 2147483647;
			files = (
				DAD59AB71F5A87FA0063DFF5 /* LaunchScreen.storyboard in Resources */,
				DAD59AB41F5A87FA0063DFF5 /* Assets.xcassets in Resources */,
				DAD59AB21F5A87FA0063DFF5 /* Main.storyboard in Resources */,
			);
			runOnlyForDeploymentPostprocessing = 0;
		};
/* End PBXResourcesBuildPhase section */

/* Begin PBXShellScriptBuildPhase section */
		0ED8DDF8DA0D387BA80BD442 /* [CP] Embed Pods Frameworks */ = {
			isa = PBXShellScriptBuildPhase;
			buildActionMask = 2147483647;
			files = (
			);
			inputPaths = (
			);
			name = "[CP] Embed Pods Frameworks";
			outputPaths = (
			);
			runOnlyForDeploymentPostprocessing = 0;
			shellPath = /bin/sh;
			shellScript = "\"${SRCROOT}/Pods/Target Support Files/Pods-CustomRxDelegate/Pods-CustomRxDelegate-frameworks.sh\"\n";
			showEnvVarsInLog = 0;
		};
		73229D924F8B5A6620034797 /* [CP] Check Pods Manifest.lock */ = {
			isa = PBXShellScriptBuildPhase;
			buildActionMask = 2147483647;
			files = (
			);
			inputPaths = (
			);
			name = "[CP] Check Pods Manifest.lock";
			outputPaths = (
			);
			runOnlyForDeploymentPostprocessing = 0;
			shellPath = /bin/sh;
			shellScript = "diff \"${PODS_PODFILE_DIR_PATH}/Podfile.lock\" \"${PODS_ROOT}/Manifest.lock\" > /dev/null\nif [ $? != 0 ] ; then\n    # print error to STDERR\n    echo \"error: The sandbox is not in sync with the Podfile.lock. Run 'pod install' or update your CocoaPods installation.\" >&2\n    exit 1\nfi\n";
			showEnvVarsInLog = 0;
		};
		B0A453A9A5F0A8729F3CD1A6 /* [CP] Copy Pods Resources */ = {
			isa = PBXShellScriptBuildPhase;
			buildActionMask = 2147483647;
			files = (
			);
			inputPaths = (
			);
			name = "[CP] Copy Pods Resources";
			outputPaths = (
			);
			runOnlyForDeploymentPostprocessing = 0;
			shellPath = /bin/sh;
			shellScript = "\"${SRCROOT}/Pods/Target Support Files/Pods-CustomRxDelegate/Pods-CustomRxDelegate-resources.sh\"\n";
			showEnvVarsInLog = 0;
		};
/* End PBXShellScriptBuildPhase section */

/* Begin PBXSourcesBuildPhase section */
		DAD59AA51F5A87F90063DFF5 /* Sources */ = {
			isa = PBXSourcesBuildPhase;
			buildActionMask = 2147483647;
			files = (
				DAD59AC11F5A8CBA0063DFF5 /* RxDelegateButtonDelegateProxy.swift in Sources */,
				DAD59ABF1F5A88360063DFF5 /* RxDelegateButton.swift in Sources */,
				DAD59AAF1F5A87FA0063DFF5 /* RxDelegateViewController.swift in Sources */,
				DAD59AAD1F5A87FA0063DFF5 /* AppDelegate.swift in Sources */,
			);
			runOnlyForDeploymentPostprocessing = 0;
		};
/* End PBXSourcesBuildPhase section */

/* Begin PBXVariantGroup section */
		DAD59AB01F5A87FA0063DFF5 /* Main.storyboard */ = {
			isa = PBXVariantGroup;
			children = (
				DAD59AB11F5A87FA0063DFF5 /* Base */,
			);
			name = Main.storyboard;
			sourceTree = "<group>";
		};
		DAD59AB51F5A87FA0063DFF5 /* LaunchScreen.storyboard */ = {
			isa = PBXVariantGroup;
			children = (
				DAD59AB61F5A87FA0063DFF5 /* Base */,
			);
			name = LaunchScreen.storyboard;
			sourceTree = "<group>";
		};
/* End PBXVariantGroup section */

/* Begin XCBuildConfiguration section */
		DAD59AB91F5A87FA0063DFF5 /* Debug */ = {
			isa = XCBuildConfiguration;
			buildSettings = {
				ALWAYS_SEARCH_USER_PATHS = NO;
				CLANG_ANALYZER_NONNULL = YES;
				CLANG_ANALYZER_NUMBER_OBJECT_CONVERSION = YES_AGGRESSIVE;
				CLANG_CXX_LANGUAGE_STANDARD = "gnu++0x";
				CLANG_CXX_LIBRARY = "libc++";
				CLANG_ENABLE_MODULES = YES;
				CLANG_ENABLE_OBJC_ARC = YES;
				CLANG_WARN_BOOL_CONVERSION = YES;
				CLANG_WARN_CONSTANT_CONVERSION = YES;
				CLANG_WARN_DIRECT_OBJC_ISA_USAGE = YES_ERROR;
				CLANG_WARN_DOCUMENTATION_COMMENTS = YES;
				CLANG_WARN_EMPTY_BODY = YES;
				CLANG_WARN_ENUM_CONVERSION = YES;
				CLANG_WARN_INFINITE_RECURSION = YES;
				CLANG_WARN_INT_CONVERSION = YES;
				CLANG_WARN_OBJC_ROOT_CLASS = YES_ERROR;
				CLANG_WARN_SUSPICIOUS_MOVE = YES;
				CLANG_WARN_UNREACHABLE_CODE = YES;
				CLANG_WARN__DUPLICATE_METHOD_MATCH = YES;
				"CODE_SIGN_IDENTITY[sdk=iphoneos*]" = "iPhone Developer";
				COPY_PHASE_STRIP = NO;
				DEBUG_INFORMATION_FORMAT = dwarf;
				ENABLE_STRICT_OBJC_MSGSEND = YES;
				ENABLE_TESTABILITY = YES;
				GCC_C_LANGUAGE_STANDARD = gnu99;
				GCC_DYNAMIC_NO_PIC = NO;
				GCC_NO_COMMON_BLOCKS = YES;
				GCC_OPTIMIZATION_LEVEL = 0;
				GCC_PREPROCESSOR_DEFINITIONS = (
					"DEBUG=1",
					"$(inherited)",
				);
				GCC_WARN_64_TO_32_BIT_CONVERSION = YES;
				GCC_WARN_ABOUT_RETURN_TYPE = YES_ERROR;
				GCC_WARN_UNDECLARED_SELECTOR = YES;
				GCC_WARN_UNINITIALIZED_AUTOS = YES_AGGRESSIVE;
				GCC_WARN_UNUSED_FUNCTION = YES;
				GCC_WARN_UNUSED_VARIABLE = YES;
				IPHONEOS_DEPLOYMENT_TARGET = 10.3;
				MTL_ENABLE_DEBUG_INFO = YES;
				ONLY_ACTIVE_ARCH = YES;
				SDKROOT = iphoneos;
				SWIFT_ACTIVE_COMPILATION_CONDITIONS = DEBUG;
				SWIFT_OPTIMIZATION_LEVEL = "-Onone";
			};
			name = Debug;
		};
		DAD59ABA1F5A87FA0063DFF5 /* Release */ = {
			isa = XCBuildConfiguration;
			buildSettings = {
				ALWAYS_SEARCH_USER_PATHS = NO;
				CLANG_ANALYZER_NONNULL = YES;
				CLANG_ANALYZER_NUMBER_OBJECT_CONVERSION = YES_AGGRESSIVE;
				CLANG_CXX_LANGUAGE_STANDARD = "gnu++0x";
				CLANG_CXX_LIBRARY = "libc++";
				CLANG_ENABLE_MODULES = YES;
				CLANG_ENABLE_OBJC_ARC = YES;
				CLANG_WARN_BOOL_CONVERSION = YES;
				CLANG_WARN_CONSTANT_CONVERSION = YES;
				CLANG_WARN_DIRECT_OBJC_ISA_USAGE = YES_ERROR;
				CLANG_WARN_DOCUMENTATION_COMMENTS = YES;
				CLANG_WARN_EMPTY_BODY = YES;
				CLANG_WARN_ENUM_CONVERSION = YES;
				CLANG_WARN_INFINITE_RECURSION = YES;
				CLANG_WARN_INT_CONVERSION = YES;
				CLANG_WARN_OBJC_ROOT_CLASS = YES_ERROR;
				CLANG_WARN_SUSPICIOUS_MOVE = YES;
				CLANG_WARN_UNREACHABLE_CODE = YES;
				CLANG_WARN__DUPLICATE_METHOD_MATCH = YES;
				"CODE_SIGN_IDENTITY[sdk=iphoneos*]" = "iPhone Developer";
				COPY_PHASE_STRIP = NO;
				DEBUG_INFORMATION_FORMAT = "dwarf-with-dsym";
				ENABLE_NS_ASSERTIONS = NO;
				ENABLE_STRICT_OBJC_MSGSEND = YES;
				GCC_C_LANGUAGE_STANDARD = gnu99;
				GCC_NO_COMMON_BLOCKS = YES;
				GCC_WARN_64_TO_32_BIT_CONVERSION = YES;
				GCC_WARN_ABOUT_RETURN_TYPE = YES_ERROR;
				GCC_WARN_UNDECLARED_SELECTOR = YES;
				GCC_WARN_UNINITIALIZED_AUTOS = YES_AGGRESSIVE;
				GCC_WARN_UNUSED_FUNCTION = YES;
				GCC_WARN_UNUSED_VARIABLE = YES;
				IPHONEOS_DEPLOYMENT_TARGET = 10.3;
				MTL_ENABLE_DEBUG_INFO = NO;
				SDKROOT = iphoneos;
				SWIFT_OPTIMIZATION_LEVEL = "-Owholemodule";
				VALIDATE_PRODUCT = YES;
			};
			name = Release;
		};
		DAD59ABC1F5A87FA0063DFF5 /* Debug */ = {
			isa = XCBuildConfiguration;
			baseConfigurationReference = AC925E2FE99BB8E87F493D21 /* Pods-CustomRxDelegate.debug.xcconfig */;
			buildSettings = {
				ASSETCATALOG_COMPILER_APPICON_NAME = AppIcon;
				INFOPLIST_FILE = CustomRxDelegate/Info.plist;
				LD_RUNPATH_SEARCH_PATHS = "$(inherited) @executable_path/Frameworks";
				PRODUCT_BUNDLE_IDENTIFIER = com.dhh..CustomRxDelegate;
				PRODUCT_NAME = "$(TARGET_NAME)";
				SWIFT_VERSION = 3.0;
			};
			name = Debug;
		};
		DAD59ABD1F5A87FA0063DFF5 /* Release */ = {
			isa = XCBuildConfiguration;
			baseConfigurationReference = 5D31E786B8D86B0D61D35EF3 /* Pods-CustomRxDelegate.release.xcconfig */;
			buildSettings = {
				ASSETCATALOG_COMPILER_APPICON_NAME = AppIcon;
				INFOPLIST_FILE = CustomRxDelegate/Info.plist;
				LD_RUNPATH_SEARCH_PATHS = "$(inherited) @executable_path/Frameworks";
				PRODUCT_BUNDLE_IDENTIFIER = com.dhh..CustomRxDelegate;
				PRODUCT_NAME = "$(TARGET_NAME)";
				SWIFT_VERSION = 3.0;
			};
			name = Release;
		};
/* End XCBuildConfiguration section */

/* Begin XCConfigurationList section */
		DAD59AA41F5A87F90063DFF5 /* Build configuration list for PBXProject "CustomRxDelegate" */ = {
			isa = XCConfigurationList;
			buildConfigurations = (
				DAD59AB91F5A87FA0063DFF5 /* Debug */,
				DAD59ABA1F5A87FA0063DFF5 /* Release */,
			);
			defaultConfigurationIsVisible = 0;
			defaultConfigurationName = Release;
		};
		DAD59ABB1F5A87FA0063DFF5 /* Build configuration list for PBXNativeTarget "CustomRxDelegate" */ = {
			isa = XCConfigurationList;
			buildConfigurations = (
				DAD59ABC1F5A87FA0063DFF5 /* Debug */,
				DAD59ABD1F5A87FA0063DFF5 /* Release */,
			);
			defaultConfigurationIsVisible = 0;
			defaultConfigurationName = Release;
		};
/* End XCConfigurationList section */
	};
	rootObject = DAD59AA11F5A87F90063DFF5 /* Project object */;
}
